
Microsoft Visual Studio Solution File, Format Version 12.00
Project("{FAE04EC0-301F-11D3-BF4B-00C04F79EFBC}") = "Jigsaw.Host.Customization", "Jigsaw.Host.Customization\Jigsaw.Host.Customization.csproj", "{CEF8A9A4-A4E7-4B8D-B46C-96DD2DB36CDE}"
EndProject
Global
	GlobalSection(SolutionConfigurationPlatforms) = preSolution
		Debug|Any CPU = Debug|Any CPU
		Release|Any CPU = Release|Any CPU
	EndGlobalSection
	GlobalSection(ProjectConfigurationPlatforms) = postSolution
		{CEF8A9A4-A4E7-4B8D-B46C-96DD2DB36CDE}.Debug|Any CPU.ActiveCfg = Debug|Any CPU
		{CEF8A9A4-A4E7-4B8D-B46C-96DD2DB36CDE}.Debug|Any CPU.Build.0 = Debug|Any CPU
		{CEF8A9A4-A4E7-4B8D-B46C-96DD2DB36CDE}.Release|Any CPU.ActiveCfg = Release|Any CPU
		{CEF8A9A4-A4E7-4B8D-B46C-96DD2DB36CDE}.Release|Any CPU.Build.0 = Release|Any CPU
	EndGlobalSection
EndGlobal
